// !$*UTF8*$!
{
	archiveVersion = 1;
	classes = {
	};
	objectVersion = 46;
	objects = {

/* Begin PBXBuildFile section */
		82C12C4D1D2280B600F29F61 /* AppDelegate.swift in Sources */ = {isa = PBXBuildFile; fileRef = 82C12C4C1D2280B600F29F61 /* AppDelegate.swift */; };
		82C12C4F1D2280B600F29F61 /* ViewController.swift in Sources */ = {isa = PBXBuildFile; fileRef = 82C12C4E1D2280B600F29F61 /* ViewController.swift */; };
		82C12C521D2280B600F29F61 /* Main.storyboard in Resources */ = {isa = PBXBuildFile; fileRef = 82C12C501D2280B600F29F61 /* Main.storyboard */; };
		82C12C551D2280B600F29F61 /* Hello_World.xcdatamodeld in Sources */ = {isa = PBXBuildFile; fileRef = 82C12C531D2280B600F29F61 /* Hello_World.xcdatamodeld */; };
		82C12C571D2280B600F29F61 /* Assets.xcassets in Resources */ = {isa = PBXBuildFile; fileRef = 82C12C561D2280B600F29F61 /* Assets.xcassets */; };
		82C12C5A1D2280B600F29F61 /* LaunchScreen.storyboard in Resources */ = {isa = PBXBuildFile; fileRef = 82C12C581D2280B600F29F61 /* LaunchScreen.storyboard */; };
		82C12C651D2280B700F29F61 /* Hello_WorldTests.swift in Sources */ = {isa = PBXBuildFile; fileRef = 82C12C641D2280B700F29F61 /* Hello_WorldTests.swift */; };
		82C12C701D2280B700F29F61 /* Hello_WorldUITests.swift in Sources */ = {isa = PBXBuildFile; fileRef = 82C12C6F1D2280B700F29F61 /* Hello_WorldUITests.swift */; };
/* End PBXBuildFile section */

/* Begin PBXContainerItemProxy section */
		82C12C611D2280B700F29F61 /* PBXContainerItemProxy */ = {
			isa = PBXContainerItemProxy;
			containerPortal = 82C12C411D2280B600F29F61 /* Project object */;
			proxyType = 1;
			remoteGlobalIDString = 82C12C481D2280B600F29F61;
			remoteInfo = "Hello World";
		};
		82C12C6C1D2280B700F29F61 /* PBXContainerItemProxy */ = {
			isa = PBXContainerItemProxy;
			containerPortal = 82C12C411D2280B600F29F61 /* Project object */;
			proxyType = 1;
			remoteGlobalIDString = 82C12C481D2280B600F29F61;
			remoteInfo = "Hello World";
		};
/* End PBXContainerItemProxy section */

/* Begin PBXFileReference section */
		82C12C491D2280B600F29F61 /* Hello World.app */ = {isa = PBXFileReference; explicitFileType = wrapper.application; includeInIndex = 0; path = "Hello World.app"; sourceTree = BUILT_PRODUCTS_DIR; };
		82C12C4C1D2280B600F29F61 /* AppDelegate.swift */ = {isa = PBXFileReference; lastKnownFileType = sourcecode.swift; path = AppDelegate.swift; sourceTree = "<group>"; };
		82C12C4E1D2280B600F29F61 /* ViewController.swift */ = {isa = PBXFileReference; lastKnownFileType = sourcecode.swift; path = ViewController.swift; sourceTree = "<group>"; };
		82C12C511D2280B600F29F61 /* Base */ = {isa = PBXFileReference; lastKnownFileType = file.storyboard; name = Base; path = Base.lproj/Main.storyboard; sourceTree = "<group>"; };
		82C12C541D2280B600F29F61 /* Hello_World.xcdatamodel */ = {isa = PBXFileReference; lastKnownFileType = wrapper.xcdatamodel; path = Hello_World.xcdatamodel; sourceTree = "<group>"; };
		82C12C561D2280B600F29F61 /* Assets.xcassets */ = {isa = PBXFileReference; lastKnownFileType = folder.assetcatalog; path = Assets.xcassets; sourceTree = "<group>"; };
		82C12C591D2280B600F29F61 /* Base */ = {isa = PBXFileReference; lastKnownFileType = file.storyboard; name = Base; path = Base.lproj/LaunchScreen.storyboard; sourceTree = "<group>"; };
		82C12C5B1D2280B600F29F61 /* Info.plist */ = {isa = PBXFileReference; lastKnownFileType = text.plist.xml; path = Info.plist; sourceTree = "<group>"; };
		82C12C601D2280B700F29F61 /* Hello WorldTests.xctest */ = {isa = PBXFileReference; explicitFileType = wrapper.cfbundle; includeInIndex = 0; path = "Hello WorldTests.xctest"; sourceTree = BUILT_PRODUCTS_DIR; };
		82C12C641D2280B700F29F61 /* Hello_WorldTests.swift */ = {isa = PBXFileReference; lastKnownFileType = sourcecode.swift; path = Hello_WorldTests.swift; sourceTree = "<group>"; };
		82C12C661D2280B700F29F61 /* Info.plist */ = {isa = PBXFileReference; lastKnownFileType = text.plist.xml; path = Info.plist; sourceTree = "<group>"; };
		82C12C6B1D2280B700F29F61 /* Hello WorldUITests.xctest */ = {isa = PBXFileReference; explicitFileType = wrapper.cfbundle; includeInIndex = 0; path = "Hello WorldUITests.xctest"; sourceTree = BUILT_PRODUCTS_DIR; };
		82C12C6F1D2280B700F29F61 /* Hello_WorldUITests.swift */ = {isa = PBXFileReference; lastKnownFileType = sourcecode.swift; path = Hello_WorldUITests.swift; sourceTree = "<group>"; };
		82C12C711D2280B700F29F61 /* Info.plist */ = {isa = PBXFileReference; lastKnownFileType = text.plist.xml; path = Info.plist; sourceTree = "<group>"; };
/* End PBXFileReference section */

/* Begin PBXFrameworksBuildPhase section */
		82C12C461D2280B600F29F61 /* Frameworks */ = {
			isa = PBXFrameworksBuildPhase;
			buildActionMask = 2147483647;
			files = (
			);
			runOnlyForDeploymentPostprocessing = 0;
		};
		82C12C5D1D2280B700F29F61 /* Frameworks */ = {
			isa = PBXFrameworksBuildPhase;
			buildActionMask = 2147483647;
			files = (
			);
			runOnlyForDeploymentPostprocessing = 0;
		};
		82C12C681D2280B700F29F61 /* Frameworks */ = {
			isa = PBXFrameworksBuildPhase;
			buildActionMask = 2147483647;
			files = (
			);
			runOnlyForDeploymentPostprocessing = 0;
		};
/* End PBXFrameworksBuildPhase section */

/* Begin PBXGroup section */
		82C12C401D2280B600F29F61 = {
			isa = PBXGroup;
			children = (
				82C12C4B1D2280B600F29F61 /* Hello World */,
				82C12C631D2280B700F29F61 /* Hello WorldTests */,
				82C12C6E1D2280B700F29F61 /* Hello WorldUITests */,
				82C12C4A1D2280B600F29F61 /* Products */,
			);
			sourceTree = "<group>";
		};
		82C12C4A1D2280B600F29F61 /* Products */ = {
			isa = PBXGroup;
			children = (
				82C12C491D2280B600F29F61 /* Hello World.app */,
				82C12C601D2280B700F29F61 /* Hello WorldTests.xctest */,
				82C12C6B1D2280B700F29F61 /* Hello WorldUITests.xctest */,
			);
			name = Products;
			sourceTree = "<group>";
		};
		82C12C4B1D2280B600F29F61 /* Hello World */ = {
			isa = PBXGroup;
			children = (
				82C12C4C1D2280B600F29F61 /* AppDelegate.swift */,
				82C12C4E1D2280B600F29F61 /* ViewController.swift */,
				82C12C501D2280B600F29F61 /* Main.storyboard */,
				82C12C561D2280B600F29F61 /* Assets.xcassets */,
				82C12C581D2280B600F29F61 /* LaunchScreen.storyboard */,
				82C12C5B1D2280B600F29F61 /* Info.plist */,
				82C12C531D2280B600F29F61 /* Hello_World.xcdatamodeld */,
			);
			path = "Hello World";
			sourceTree = "<group>";
		};
		82C12C631D2280B700F29F61 /* Hello WorldTests */ = {
			isa = PBXGroup;
			children = (
				82C12C641D2280B700F29F61 /* Hello_WorldTests.swift */,
				82C12C661D2280B700F29F61 /* Info.plist */,
			);
			path = "Hello WorldTests";
			sourceTree = "<group>";
		};
		82C12C6E1D2280B700F29F61 /* Hello WorldUITests */ = {
			isa = PBXGroup;
			children = (
				82C12C6F1D2280B700F29F61 /* Hello_WorldUITests.swift */,
				82C12C711D2280B700F29F61 /* Info.plist */,
			);
			path = "Hello WorldUITests";
			sourceTree = "<group>";
		};
/* End PBXGroup section */

/* Begin PBXNativeTarget section */
		82C12C481D2280B600F29F61 /* Hello World */ = {
			isa = PBXNativeTarget;
			buildConfigurationList = 82C12C741D2280B700F29F61 /* Build configuration list for PBXNativeTarget "Hello World" */;
			buildPhases = (
				82C12C451D2280B600F29F61 /* Sources */,
				82C12C461D2280B600F29F61 /* Frameworks */,
				82C12C471D2280B600F29F61 /* Resources */,
			);
			buildRules = (
			);
			dependencies = (
			);
			name = "Hello World";
			productName = "Hello World";
			productReference = 82C12C491D2280B600F29F61 /* Hello World.app */;
			productType = "com.apple.product-type.application";
		};
		82C12C5F1D2280B700F29F61 /* Hello WorldTests */ = {
			isa = PBXNativeTarget;
			buildConfigurationList = 82C12C771D2280B700F29F61 /* Build configuration list for PBXNativeTarget "Hello WorldTests" */;
			buildPhases = (
				82C12C5C1D2280B700F29F61 /* Sources */,
				82C12C5D1D2280B700F29F61 /* Frameworks */,
				82C12C5E1D2280B700F29F61 /* Resources */,
			);
			buildRules = (
			);
			dependencies = (
				82C12C621D2280B700F29F61 /* PBXTargetDependency */,
			);
			name = "Hello WorldTests";
			productName = "Hello WorldTests";
			productReference = 82C12C601D2280B700F29F61 /* Hello WorldTests.xctest */;
			productType = "com.apple.product-type.bundle.unit-test";
		};
		82C12C6A1D2280B700F29F61 /* Hello WorldUITests */ = {
			isa = PBXNativeTarget;
			buildConfigurationList = 82C12C7A1D2280B700F29F61 /* Build configuration list for PBXNativeTarget "Hello WorldUITests" */;
			buildPhases = (
				82C12C671D2280B700F29F61 /* Sources */,
				82C12C681D2280B700F29F61 /* Frameworks */,
				82C12C691D2280B700F29F61 /* Resources */,
			);
			buildRules = (
			);
			dependencies = (
				82C12C6D1D2280B700F29F61 /* PBXTargetDependency */,
			);
			name = "Hello WorldUITests";
			productName = "Hello WorldUITests";
			productReference = 82C12C6B1D2280B700F29F61 /* Hello WorldUITests.xctest */;
			productType = "com.apple.product-type.bundle.ui-testing";
		};
/* End PBXNativeTarget section */

/* Begin PBXProject section */
		82C12C411D2280B600F29F61 /* Project object */ = {
			isa = PBXProject;
			attributes = {
				LastSwiftUpdateCheck = 0730;
				LastUpgradeCheck = 0730;
				ORGANIZATIONNAME = "Donald Sebastian Leung";
				TargetAttributes = {
					82C12C481D2280B600F29F61 = {
						CreatedOnToolsVersion = 7.3.1;
					};
					82C12C5F1D2280B700F29F61 = {
						CreatedOnToolsVersion = 7.3.1;
						TestTargetID = 82C12C481D2280B600F29F61;
					};
					82C12C6A1D2280B700F29F61 = {
						CreatedOnToolsVersion = 7.3.1;
						TestTargetID = 82C12C481D2280B600F29F61;
					};
				};
			};
			buildConfigurationList = 82C12C441D2280B600F29F61 /* Build configuration list for PBXProject "Hello World" */;
			compatibilityVersion = "Xcode 3.2";
			developmentRegion = English;
			hasScannedForEncodings = 0;
			knownRegions = (
				en,
				Base,
			);
			mainGroup = 82C12C401D2280B600F29F61;
			productRefGroup = 82C12C4A1D2280B600F29F61 /* Products */;
			projectDirPath = "";
			projectRoot = "";
			targets = (
				82C12C481D2280B600F29F61 /* Hello World */,
				82C12C5F1D2280B700F29F61 /* Hello WorldTests */,
				82C12C6A1D2280B700F29F61 /* Hello WorldUITests */,
			);
		};
/* End PBXProject section */

/* Begin PBXResourcesBuildPhase section */
		82C12C471D2280B600F29F61 /* Resources */ = {
			isa = PBXResourcesBuildPhase;
			buildActionMask = 2147483647;
			files = (
				82C12C5A1D2280B600F29F61 /* LaunchScreen.storyboard in Resources */,
				82C12C571D2280B600F29F61 /* Assets.xcassets in Resources */,
				82C12C521D2280B600F29F61 /* Main.storyboard in Resources */,
			);
			runOnlyForDeploymentPostprocessing = 0;
		};
		82C12C5E1D2280B700F29F61 /* Resources */ = {
			isa = PBXResourcesBuildPhase;
			buildActionMask = 2147483647;
			files = (
			);
			runOnlyForDeploymentPostprocessing = 0;
		};
		82C12C691D2280B700F29F61 /* Resources */ = {
			isa = PBXResourcesBuildPhase;
			buildActionMask = 2147483647;
			files = (
			);
			runOnlyForDeploymentPostprocessing = 0;
		};
/* End PBXResourcesBuildPhase section */

/* Begin PBXSourcesBuildPhase section */
		82C12C451D2280B600F29F61 /* Sources */ = {
			isa = PBXSourcesBuildPhase;
			buildActionMask = 2147483647;
			files = (
				82C12C551D2280B600F29F61 /* Hello_World.xcdatamodeld in Sources */,
				82C12C4F1D2280B600F29F61 /* ViewController.swift in Sources */,
				82C12C4D1D2280B600F29F61 /* AppDelegate.swift in Sources */,
			);
			runOnlyForDeploymentPostprocessing = 0;
		};
		82C12C5C1D2280B700F29F61 /* Sources */ = {
			isa = PBXSourcesBuildPhase;
			buildActionMask = 2147483647;
			files = (
				82C12C651D2280B700F29F61 /* Hello_WorldTests.swift in Sources */,
			);
			runOnlyForDeploymentPostprocessing = 0;
		};
		82C12C671D2280B700F29F61 /* Sources */ = {
			isa = PBXSourcesBuildPhase;
			buildActionMask = 2147483647;
			files = (
				82C12C701D2280B700F29F61 /* Hello_WorldUITests.swift in Sources */,
			);
			runOnlyForDeploymentPostprocessing = 0;
		};
/* End PBXSourcesBuildPhase section */

/* Begin PBXTargetDependency section */
		82C12C621D2280B700F29F61 /* PBXTargetDependency */ = {
			isa = PBXTargetDependency;
			target = 82C12C481D2280B600F29F61 /* Hello World */;
			targetProxy = 82C12C611D2280B700F29F61 /* PBXContainerItemProxy */;
		};
		82C12C6D1D2280B700F29F61 /* PBXTargetDependency */ = {
			isa = PBXTargetDependency;
			target = 82C12C481D2280B600F29F61 /* Hello World */;
			targetProxy = 82C12C6C1D2280B700F29F61 /* PBXContainerItemProxy */;
		};
/* End PBXTargetDependency section */

/* Begin PBXVariantGroup section */
		82C12C501D2280B600F29F61 /* Main.storyboard */ = {
			isa = PBXVariantGroup;
			children = (
				82C12C511D2280B600F29F61 /* Base */,
			);
			name = Main.storyboard;
			sourceTree = "<group>";
		};
		82C12C581D2280B600F29F61 /* LaunchScreen.storyboard */ = {
			isa = PBXVariantGroup;
			children = (
				82C12C591D2280B600F29F61 /* Base */,
			);
			name = LaunchScreen.storyboard;
			sourceTree = "<group>";
		};
/* End PBXVariantGroup section */

/* Begin XCBuildConfiguration section */
		82C12C721D2280B700F29F61 /* Debug */ = {
			isa = XCBuildConfiguration;
			buildSettings = {
				ALWAYS_SEARCH_USER_PATHS = NO;
				CLANG_ANALYZER_NONNULL = YES;
				CLANG_CXX_LANGUAGE_STANDARD = "gnu++0x";
				CLANG_CXX_LIBRARY = "libc++";
				CLANG_ENABLE_MODULES = YES;
				CLANG_ENABLE_OBJC_ARC = YES;
				CLANG_WARN_BOOL_CONVERSION = YES;
				CLANG_WARN_CONSTANT_CONVERSION = YES;
				CLANG_WARN_DIRECT_OBJC_ISA_USAGE = YES_ERROR;
				CLANG_WARN_EMPTY_BODY = YES;
				CLANG_WARN_ENUM_CONVERSION = YES;
				CLANG_WARN_INT_CONVERSION = YES;
				CLANG_WARN_OBJC_ROOT_CLASS = YES_ERROR;
				CLANG_WARN_UNREACHABLE_CODE = YES;
				CLANG_WARN__DUPLICATE_METHOD_MATCH = YES;
				"CODE_SIGN_IDENTITY[sdk=iphoneos*]" = "iPhone Developer";
				COPY_PHASE_STRIP = NO;
				DEBUG_INFORMATION_FORMAT = dwarf;
				ENABLE_STRICT_OBJC_MSGSEND = YES;
				ENABLE_TESTABILITY = YES;
				GCC_C_LANGUAGE_STANDARD = gnu99;
				GCC_DYNAMIC_NO_PIC = NO;
				GCC_NO_COMMON_BLOCKS = YES;
				GCC_OPTIMIZATION_LEVEL = 0;
				GCC_PREPROCESSOR_DEFINITIONS = (
					"DEBUG=1",
					"$(inherited)",
				);
				GCC_WARN_64_TO_32_BIT_CONVERSION = YES;
				GCC_WARN_ABOUT_RETURN_TYPE = YES_ERROR;
				GCC_WARN_UNDECLARED_SELECTOR = YES;
				GCC_WARN_UNINITIALIZED_AUTOS = YES_AGGRESSIVE;
				GCC_WARN_UNUSED_FUNCTION = YES;
				GCC_WARN_UNUSED_VARIABLE = YES;
				IPHONEOS_DEPLOYMENT_TARGET = 9.3;
				MTL_ENABLE_DEBUG_INFO = YES;
				ONLY_ACTIVE_ARCH = YES;
				SDKROOT = iphoneos;
				SWIFT_OPTIMIZATION_LEVEL = "-Onone";
				TARGETED_DEVICE_FAMILY = "1,2";
			};
			name = Debug;
		};
		82C12C731D2280B700F29F61 /* Release */ = {
			isa = XCBuildConfiguration;
			buildSettings = {
				ALWAYS_SEARCH_USER_PATHS = NO;
				CLANG_ANALYZER_NONNULL = YES;
				CLANG_CXX_LANGUAGE_STANDARD = "gnu++0x";
				CLANG_CXX_LIBRARY = "libc++";
				CLANG_ENABLE_MODULES = YES;
				CLANG_ENABLE_OBJC_ARC = YES;
				CLANG_WARN_BOOL_CONVERSION = YES;
				CLANG_WARN_CONSTANT_CONVERSION = YES;
				CLANG_WARN_DIRECT_OBJC_ISA_USAGE = YES_ERROR;
				CLANG_WARN_EMPTY_BODY = YES;
				CLANG_WARN_ENUM_CONVERSION = YES;
				CLANG_WARN_INT_CONVERSION = YES;
				CLANG_WARN_OBJC_ROOT_CLASS = YES_ERROR;
				CLANG_WARN_UNREACHABLE_CODE = YES;
				CLANG_WARN__DUPLICATE_METHOD_MATCH = YES;
				"CODE_SIGN_IDENTITY[sdk=iphoneos*]" = "iPhone Developer";
				COPY_PHASE_STRIP = NO;
				DEBUG_INFORMATION_FORMAT = "dwarf-with-dsym";
				ENABLE_NS_ASSERTIONS = NO;
				ENABLE_STRICT_OBJC_MSGSEND = YES;
				GCC_C_LANGUAGE_STANDARD = gnu99;
				GCC_NO_COMMON_BLOCKS = YES;
				GCC_WARN_64_TO_32_BIT_CONVERSION = YES;
				GCC_WARN_ABOUT_RETURN_TYPE = YES_ERROR;
				GCC_WARN_UNDECLARED_SELECTOR = YES;
				GCC_WARN_UNINITIALIZED_AUTOS = YES_AGGRESSIVE;
				GCC_WARN_UNUSED_FUNCTION = YES;
				GCC_WARN_UNUSED_VARIABLE = YES;
				IPHONEOS_DEPLOYMENT_TARGET = 9.3;
				MTL_ENABLE_DEBUG_INFO = NO;
				SDKROOT = iphoneos;
				TARGETED_DEVICE_FAMILY = "1,2";
				VALIDATE_PRODUCT = YES;
			};
			name = Release;
		};
		82C12C751D2280B700F29F61 /* Debug */ = {
			isa = XCBuildConfiguration;
			buildSettings = {
				ASSETCATALOG_COMPILER_APPICON_NAME = AppIcon;
				INFOPLIST_FILE = "Hello World/Info.plist";
				LD_RUNPATH_SEARCH_PATHS = "$(inherited) @executable_path/Frameworks";
				PRODUCT_BUNDLE_IDENTIFIER = "donaldsebleung.Hello-World";
				PRODUCT_NAME = "$(TARGET_NAME)";
			};
			name = Debug;
		};
		82C12C761D2280B700F29F61 /* Release */ = {
			isa = XCBuildConfiguration;
			buildSettings = {
				ASSETCATALOG_COMPILER_APPICON_NAME = AppIcon;
				INFOPLIST_FILE = "Hello World/Info.plist";
				LD_RUNPATH_SEARCH_PATHS = "$(inherited) @executable_path/Frameworks";
				PRODUCT_BUNDLE_IDENTIFIER = "donaldsebleung.Hello-World";
				PRODUCT_NAME = "$(TARGET_NAME)";
			};
			name = Release;
		};
		82C12C781D2280B700F29F61 /* Debug */ = {
			isa = XCBuildConfiguration;
			buildSettings = {
				BUNDLE_LOADER = "$(TEST_HOST)";
				INFOPLIST_FILE = "Hello WorldTests/Info.plist";
				LD_RUNPATH_SEARCH_PATHS = "$(inherited) @executable_path/Frameworks @loader_path/Frameworks";
				PRODUCT_BUNDLE_IDENTIFIER = "donaldsebleung.Hello-WorldTests";
				PRODUCT_NAME = "$(TARGET_NAME)";
				TEST_HOST = "$(BUILT_PRODUCTS_DIR)/Hello World.app/Hello World";
			};
			name = Debug;
		};
		82C12C791D2280B700F29F61 /* Release */ = {
			isa = XCBuildConfiguration;
			buildSettings = {
				BUNDLE_LOADER = "$(TEST_HOST)";
				INFOPLIST_FILE = "Hello WorldTests/Info.plist";
				LD_RUNPATH_SEARCH_PATHS = "$(inherited) @executable_path/Frameworks @loader_path/Frameworks";
				PRODUCT_BUNDLE_IDENTIFIER = "donaldsebleung.Hello-WorldTests";
				PRODUCT_NAME = "$(TARGET_NAME)";
				TEST_HOST = "$(BUILT_PRODUCTS_DIR)/Hello World.app/Hello World";
			};
			name = Release;
		};
		82C12C7B1D2280B700F29F61 /* Debug */ = {
			isa = XCBuildConfiguration;
			buildSettings = {
				INFOPLIST_FILE = "Hello WorldUITests/Info.plist";
				LD_RUNPATH_SEARCH_PATHS = "$(inherited) @executable_path/Frameworks @loader_path/Frameworks";
				PRODUCT_BUNDLE_IDENTIFIER = "donaldsebleung.Hello-WorldUITests";
				PRODUCT_NAME = "$(TARGET_NAME)";
				TEST_TARGET_NAME = "Hello World";
			};
			name = Debug;
		};
		82C12C7C1D2280B700F29F61 /* Release */ = {
			isa = XCBuildConfiguration;
			buildSettings = {
				INFOPLIST_FILE = "Hello WorldUITests/Info.plist";
				LD_RUNPATH_SEARCH_PATHS = "$(inherited) @executable_path/Frameworks @loader_path/Frameworks";
				PRODUCT_BUNDLE_IDENTIFIER = "donaldsebleung.Hello-WorldUITests";
				PRODUCT_NAME = "$(TARGET_NAME)";
				TEST_TARGET_NAME = "Hello World";
			};
			name = Release;
		};
/* End XCBuildConfiguration section */

/* Begin XCConfigurationList section */
		82C12C441D2280B600F29F61 /* Build configuration list for PBXProject "Hello World" */ = {
			isa = XCConfigurationList;
			buildConfigurations = (
				82C12C721D2280B700F29F61 /* Debug */,
				82C12C731D2280B700F29F61 /* Release */,
			);
			defaultConfigurationIsVisible = 0;
			defaultConfigurationName = Release;
		};
		82C12C741D2280B700F29F61 /* Build configuration list for PBXNativeTarget "Hello World" */ = {
			isa = XCConfigurationList;
			buildConfigurations = (
				82C12C751D2280B700F29F61 /* Debug */,
				82C12C761D2280B700F29F61 /* Release */,
			);
			defaultConfigurationIsVisible = 0;
		};
		82C12C771D2280B700F29F61 /* Build configuration list for PBXNativeTarget "Hello WorldTests" */ = {
			isa = XCConfigurationList;
			buildConfigurations = (
				82C12C781D2280B700F29F61 /* Debug */,
				82C12C791D2280B700F29F61 /* Release */,
			);
			defaultConfigurationIsVisible = 0;
		};
		82C12C7A1D2280B700F29F61 /* Build configuration list for PBXNativeTarget "Hello WorldUITests" */ = {
			isa = XCConfigurationList;
			buildConfigurations = (
				82C12C7B1D2280B700F29F61 /* Debug */,
				82C12C7C1D2280B700F29F61 /* Release */,
			);
			defaultConfigurationIsVisible = 0;
		};
/* End XCConfigurationList section */

/* Begin XCVersionGroup section */
		82C12C531D2280B600F29F61 /* Hello_World.xcdatamodeld */ = {
			isa = XCVersionGroup;
			children = (
				82C12C541D2280B600F29F61 /* Hello_World.xcdatamodel */,
			);
			currentVersion = 82C12C541D2280B600F29F61 /* Hello_World.xcdatamodel */;
			path = Hello_World.xcdatamodeld;
			sourceTree = "<group>";
			versionGroupType = wrapper.xcdatamodel;
		};
/* End XCVersionGroup section */
	};
	rootObject = 82C12C411D2280B600F29F61 /* Project object */;
}
